#MicroXplorer Configuration settings - do not modify
Mcu.Family=STM32F0
ProjectManager.MainLocation=Core/Src
RCC.I2SFreq_Value=48000000
RCC.MCOFreq_Value=48000000
RCC.USART1Freq_Value=48000000
ProjectManager.ProjectFileName=reflow_controller_f0.ioc
SH.S_TIM1_CH4.0=TIM1_CH4,PWM Generation4 CH4
TIM17.Prescaler=2399
VP_TIM17_VS_ClockSourceINT.Mode=Enable_Timer
ProjectManager.KeepUserCode=true
PA10.Mode=Asynchronous
Mcu.UserName=STM32F051K8Tx
Mcu.PinsNb=14
Dma.ADC.0.Mode=DMA_CIRCULAR
ProjectManager.NoMain=false
TIM1.IPParameters=Channel-PWM Generation4 CH4,Prescaler,Period
USART1.BaudRate=115200
RCC.PLLCLKFreq_Value=48000000
ProjectManager.functionlistsort=1-MX_GPIO_Init-GPIO-false-HAL-true,2-MX_DMA_Init-DMA-false-HAL-true,3-SystemClock_Config-RCC-false-HAL-false,4-MX_ADC_Init-ADC-false-HAL-true,5-MX_TIM3_Init-TIM3-false-HAL-true,6-MX_USART1_UART_Init-USART1-false-HAL-true
Dma.ADC.0.Priority=DMA_PRIORITY_LOW
ProjectManager.DefaultFWLocation=true
ADC.IPParameters=SamplingTime,ExternalTrigConv,DMAContinuousRequests,EOCSelection
PB0.GPIO_Label=OPAMP_IN
NVIC.SVC_IRQn=true\:0\:0\:false\:false\:true\:false\:false
ProjectManager.DeletePrevious=true
USART1.IPParameters=VirtualMode-Asynchronous,BaudRate
VP_TIM17_VS_ClockSourceINT.Signal=TIM17_VS_ClockSourceINT
PinOutPanel.RotationAngle=0
RCC.FamilyName=M
RCC.SYSCLKSource=RCC_SYSCLKSOURCE_PLLCLK
ProjectManager.StackSize=0x400
Dma.ADC.0.PeriphDataAlignment=DMA_PDATAALIGN_HALFWORD
USART1.VirtualMode-Asynchronous=VM_ASYNC
PA13.Signal=SYS_SWDIO
Mcu.IP4=SYS
RCC.FCLKCortexFreq_Value=48000000
Mcu.IP5=TIM1
Mcu.IP2=NVIC
Mcu.IP3=RCC
Mcu.IP0=ADC
PA9.Mode=Asynchronous
PA11.Locked=true
Mcu.IP1=DMA
PA8.GPIO_Label=LED
TIM1.Prescaler=47999
Mcu.UserConstants=
ProjectManager.TargetToolchain=STM32CubeIDE
Mcu.ThirdPartyNb=0
TIM1.Channel-PWM\ Generation4\ CH4=TIM_CHANNEL_4
Dma.ADC.0.PeriphInc=DMA_PINC_DISABLE
NVIC.TIM17_IRQn=true\:0\:0\:true\:true\:true\:3\:true\:true
RCC.HCLKFreq_Value=48000000
Mcu.IPNb=9
ProjectManager.PreviousToolchain=
TIM3.Period=99
PA9.Signal=USART1_TX
VP_TIM1_VS_ClockSourceINT.Signal=TIM1_VS_ClockSourceINT
PA8.GPIOParameters=PinState,GPIO_Label,GPIO_ModeDefaultOutputPP
Mcu.Pin6=PA10
Mcu.Pin7=PA11
TIM17.IPParameters=Prescaler,Period
ProjectManager.RegisterCallBack=
Mcu.Pin8=PA13
Mcu.Pin9=PA14
VP_TIM3_VS_ClockSourceINT.Signal=TIM3_VS_ClockSourceINT
PA1.GPIO_PuPd=GPIO_PULLUP
PA1.Signal=GPIO_Input
RCC.AHBFreq_Value=48000000
Mcu.Pin0=PA1
Mcu.Pin1=PA4
Dma.ADC.0.Direction=DMA_PERIPH_TO_MEMORY
GPIO.groupedBy=Group By Peripherals
Mcu.Pin2=PB0
Mcu.Pin3=PB1
Mcu.Pin4=PA8
ADC.SamplingTime=ADC_SAMPLETIME_239CYCLES_5
Mcu.Pin5=PA9
ProjectManager.ProjectBuild=false
ADC.DMAContinuousRequests=ENABLE
PB0.Mode=IN8
PA4.GPIO_PuPd=GPIO_PULLUP
PA8.Locked=true
board=custom
PA4.Locked=true
NVIC.SysTick_IRQn=true\:0\:0\:false\:false\:true\:false\:true
ProjectManager.LastFirmware=true
RCC.PLLMUL=RCC_PLL_MUL12
Dma.ADC.0.RequestParameters=Instance,Direction,PeriphInc,MemInc,PeriphDataAlignment,MemDataAlignment,Mode,Priority
TIM17.Period=100
ProjectManager.FirmwarePackage=STM32Cube FW_F0 V1.11.2
MxDb.Version=DB.6.0.21
PB0.GPIOParameters=GPIO_Label
PA1.GPIOParameters=GPIO_PuPd,GPIO_Label
ProjectManager.BackupPrevious=false
MxCube.Version=6.2.1
PA14.Mode=Serial_Wire
TIM3.Prescaler=1919
PB1.GPIO_Label=LM335_IN
File.Version=6
PA1.GPIO_Label=BTN0
VP_SYS_VS_Systick.Mode=SysTick
TIM3.IPParameters=Prescaler,Period,TIM_MasterOutputTrigger
PA8.Signal=GPIO_Output
ADC.EOCSelection=ADC_EOC_SINGLE_CONV
NVIC.NonMaskableInt_IRQn=true\:0\:0\:false\:false\:true\:false\:false
PA8.GPIO_ModeDefaultOutputPP=GPIO_MODE_OUTPUT_OD
PA4.GPIOParameters=GPIO_PuPd,GPIO_Label
NVIC.PendSV_IRQn=true\:0\:0\:false\:false\:true\:false\:false
PA13.Mode=Serial_Wire
ProjectManager.FreePins=false
RCC.IPParameters=AHBFreq_Value,APB1Freq_Value,APB1TimFreq_Value,CECFreq_Value,FCLKCortexFreq_Value,FamilyName,HCLKFreq_Value,HSICECFreq_Value,I2SFreq_Value,MCOFreq_Value,PLLCLKFreq_Value,PLLMCOFreq_Value,PLLMUL,SYSCLKFreq_VALUE,SYSCLKSource,TimSysFreq_Value,USART1Freq_Value
ProjectManager.AskForMigrate=true
Mcu.Name=STM32F051K8Tx
Dma.RequestsNb=1
ProjectManager.HalAssertFull=false
VP_TIM1_VS_ClockSourceINT.Mode=Internal
ProjectManager.ProjectName=reflow_controller_f0
ProjectManager.UnderRoot=true
Mcu.IP8=USART1
RCC.HSICECFreq_Value=32786.88524590164
Mcu.IP6=TIM3
Dma.ADC.0.MemInc=DMA_MINC_ENABLE
RCC.PLLMCOFreq_Value=24000000
Mcu.IP7=TIM17
ProjectManager.CoupleFile=false
PA4.Signal=GPIO_Input
RCC.SYSCLKFreq_VALUE=48000000
Mcu.Package=LQFP32
PB1.Signal=ADC_IN9
RCC.TimSysFreq_Value=48000000
PA1.Locked=true
NVIC.ForceEnableDMAVector=true
KeepUserPlacement=false
ProjectManager.CompilerOptimize=6
ProjectManager.ToolChainLocation=
Dma.ADC.0.Instance=DMA1_Channel1
VP_SYS_VS_Systick.Signal=SYS_VS_Systick
PA11.Signal=S_TIM1_CH4
PA10.Signal=USART1_RX
PA14.Signal=SYS_SWCLK
ProjectManager.HeapSize=0x200
NVIC.HardFault_IRQn=true\:0\:0\:false\:false\:true\:false\:false
PB1.Mode=IN9
Mcu.Pin13=VP_TIM17_VS_ClockSourceINT
ProjectManager.ComputerToolchain=false
Dma.ADC.0.MemDataAlignment=DMA_MDATAALIGN_HALFWORD
Mcu.Pin11=VP_TIM1_VS_ClockSourceINT
Mcu.Pin12=VP_TIM3_VS_ClockSourceINT
Mcu.Pin10=VP_SYS_VS_Systick
RCC.CECFreq_Value=32786.88524590164
RCC.APB1TimFreq_Value=48000000
TIM1.Period=999
NVIC.DMA1_Channel1_IRQn=true\:0\:0\:true\:true\:true\:1\:false\:true
TIM3.TIM_MasterOutputTrigger=TIM_TRGO_UPDATE
Dma.Request0=ADC
RCC.APB1Freq_Value=48000000
PB0.Signal=ADC_IN8
PA4.GPIO_Label=BTN1
SH.S_TIM1_CH4.ConfNb=1
ADC.ExternalTrigConv=ADC_EXTERNALTRIGCONV_T3_TRGO
NVIC.ADC1_COMP_IRQn=true\:0\:0\:true\:true\:true\:2\:true\:true
ProjectManager.CustomerFirmwarePackage=
VP_TIM3_VS_ClockSourceINT.Mode=Internal
ProjectManager.DeviceId=STM32F051K8Tx
ProjectManager.LibraryCopy=1
PA8.PinState=GPIO_PIN_SET
PB1.GPIOParameters=GPIO_Label
isbadioc=false
